{
  "lockfileVersion": 1,
  "configVersion": 0,
  "workspaces": {
    "": {
      "name": "BunHonoServer",
      "dependencies": {
        "hono": "4.13.9",
        "p-queue": "9.3.3",
        "ts3-nodejs-library": "3.5.3",
        "zod": "4.6.5",
      },
      "devDependencies": {
        "@biomejs/biome": "2.5.14",
        "@types/bun": "1.4.2",
        "lefthook": "2.1.15",
        "typescript": "5.9.3",
      },
    },
  },
  "packages": {
    "@biomejs/biome": ["@biomejs/biome@2.5.14", "", { "optionalDependencies": { "@biomejs/cli-darwin-arm64": "2.5.14", "@biomejs/cli-darwin-x64": "2.5.14", "@biomejs/cli-linux-arm64": "2.5.14", "@biomejs/cli-linux-arm64-musl": "2.5.14", "@biomejs/cli-linux-x64": "2.5.14", "@biomejs/cli-linux-x64-musl": "2.5.14", "@biomejs/cli-win32-arm64": "2.5.14", "@biomejs/cli-win32-x64": "2.5.14" }, "bin": { "biome": "bin/biome" } }, "sha512-0FabLIjd4M/dm8VFI86RMaLLdgepzbdfiAL2R8cr7V81OYYrP1w7Z73KfAwPK5h9SrEBXTzNG2y+mBwPo9xRnw=="],

    "@biomejs/cli-darwin-arm64": ["@biomejs/cli-darwin-arm64@2.5.14", "", { "os": "darwin", "cpu": "arm64" }, "sha512-UnzaXO65L4tsZimFITFP2M121GyhDcWFrT3pL5ZJ5U4XcS/0L5VHYytVohdCf/gnDUFHgl2I9xnt5bV/J1kxHQ=="],

    "@biomejs/cli-darwin-x64": ["@biomejs/cli-darwin-x64@2.5.14", "", { "os": "darwin", "cpu": "x64" }, "sha512-kiy8qA16K93J7uvFfWi4LgjqDpnRKyePAna6A0Y4jxyUga35SYpIZ2cNWlhy0lsfgqRenCpfymnJWEZ6mgpRgA=="],

    "@biomejs/cli-linux-arm64": ["@biomejs/cli-linux-arm64@2.5.14", "", { "os": "linux", "cpu": "arm64" }, "sha512-vO/9BaU1n30CiFNLx49gMTMtbCAAqlo/EqFoG0BU3deQInTbJrmXSmTQ9e3FoDZIKQnvSLDVNL4lx1ci7y1T1Q=="],

    "@biomejs/cli-linux-arm64-musl": ["@biomejs/cli-linux-arm64-musl@2.5.14", "", { "os": "linux", "cpu": "arm64" }, "sha512-SJ9PrZkBnnH9dHJDnxk34vKs0GB2dbsioaft6/hPhWJ7AHpwYH83Isnhj0FSRpFkGgpVfJ1lds23ApB2czUDLQ=="],

    "@biomejs/cli-linux-x64": ["@biomejs/cli-linux-x64@2.5.14", "", { "os": "linux", "cpu": "x64" }, "sha512-VHZRa7CCQBUWKxNwUvHJeuW03WFRgN5NWO//SDGOitc9QIeNyfA42V9zlKm+x82xFSG9Bzi5fi+hbhm9anO8yA=="],

    "@biomejs/cli-linux-x64-musl": ["@biomejs/cli-linux-x64-musl@2.5.14", "", { "os": "linux", "cpu": "x64" }, "sha512-2kI5PrMgW5dcEZYrstLPmUmCwkUwZY39rP4BN93Vxbwcs2O57LDQOktUZZYPvvspN5i0mhGr3TJtF5sU26NUWg=="],

    "@biomejs/cli-win32-arm64": ["@biomejs/cli-win32-arm64@2.5.14", "", { "os": "win32", "cpu": "arm64" }, "sha512-pHgAFffmZtaYoxavEsWEYNvcA7NwOIjLyqw2HXyLbt16xYryX0L4fMV2u0G9ag6LNYPIoqWaWqzUcnc6rLGGXg=="],

    "@biomejs/cli-win32-x64": ["@biomejs/cli-win32-x64@2.5.14", "", { "os": "win32", "cpu": "x64" }, "sha512-oJWmBhoHsnhUKIke+0gXDX0mltJrWHA1UyHsrTlXwX0TL64ilVZAo+TYZm97baecV0esBdpzy3k96q+09JaZUQ=="],

    "@types/bun": ["@types/bun@1.4.2", "", { "dependencies": { "bun-types": "1.4.2" } }, "sha512-GimotNn7+ZV0uVArItBbriZsR1oNf0+WTzPkdcFrzShI7k2norL0uzEaJT8T33dWr7O/c9ZDuAFQrctKCi72oQ=="],

    "@types/node": ["@types/node@26.5.1", "", { "dependencies": { "undici-types": "~8.9.0" } }, "sha512-CzNm2FezW4VR/LjG6yUdiEgLE/rAQ9Slj5gCu/C2VrdcW7I0ahNZ8DRbHT7zOZ6r3ONgd/bsQIeSaoDGrd1C6g=="],

    "asn1": ["asn1@0.2.6", "", { "dependencies": { "safer-buffer": "~2.1.0" } }, "sha512-ix/FxPn0MDjeyJ7i/yoHGFt/EX6LyNbxSEhPPXODPL+KB0VPk86UYfL0lMdy+KCnv+fmvIzySwaK5COwqVbWTQ=="],

    "bcrypt-pbkdf": ["bcrypt-pbkdf@1.0.2", "", { "dependencies": { "tweetnacl": "^0.14.3" } }, "sha512-qeFIXtP4MSoi6NLqO12WfqARWWuCKi2Rn/9hJLEmtB5yTNr9DqFWkJRCf2qShWzPeAMRnOgCrq0sg/KLv5ES9w=="],

    "buffer-crc32": ["buffer-crc32@0.2.13", "", {}, "sha512-VO9Ht/+p3SN7SKWqcrgEzjGbRSJYTx+Q1pTQC0wrWqHx0vpJraQ6GtHx8tvcg1rlK1byhU5gccxgOgj7B0TDkQ=="],

    "buildcheck": ["buildcheck@0.0.7", "", {}, "sha512-lHblz4ahamxpTmnsk+MNTRWsjYKv965MwOrSJyeD588rR3Jcu7swE+0wN5F+PbL5cjgu/9ObkhfzEPuofEMwLA=="],

    "bun-types": ["bun-types@1.4.2", "", { "dependencies": { "@types/node": "*" } }, "sha512-bxV1FgK7yBIzjRe5zBozIM4Bem11ZJcCXSrjWRG3YWLt8yFDePu4cLjpebO8OvPeIE9trbyPF4fuj3Cia4Fj3w=="],

    "cpu-features": ["cpu-features@0.0.10", "", { "dependencies": { "buildcheck": "~0.0.6", "nan": "^2.19.0" } }, "sha512-9IkYqtX3YHPCzoVg1Py+o9057a3i0fp7S530UWokCSaFVTc7CwXPRiOjRjBQQ18ZCNafx78YfnG+HALxtVmOGA=="],

    "eventemitter3": ["eventemitter3@5.0.4", "", {}, "sha512-mlsTRyGaPBjPedk6Bvw+aqbsXDtoAyAzm5MO7JgU+yVRyMQ5O8bD4Kcci7BS85f93veegeCPkL8R4GLClnjLFw=="],

    "hono": ["hono@4.13.9", "", {}, "sha512-7dMkQmZoC4E6F7AtaQSPhlWAdnBti+j7rreMZl8QB4jFiEhP9TWbGWUMi8WYzBCgmgulxuvLQupKqo+Co6Omyg=="],

    "lefthook": ["lefthook@2.1.15", "", { "optionalDependencies": { "lefthook-darwin-arm64": "2.1.15", "lefthook-darwin-x64": "2.1.15", "lefthook-freebsd-arm64": "2.1.15", "lefthook-freebsd-x64": "2.1.15", "lefthook-linux-arm64": "2.1.15", "lefthook-linux-x64": "2.1.15", "lefthook-openbsd-arm64": "2.1.15", "lefthook-openbsd-x64": "2.1.15", "lefthook-windows-arm64": "2.1.15", "lefthook-windows-x64": "2.1.15" }, "bin": { "lefthook": "bin/index.js" } }, "sha512-l/BSlOZBou3zLDuSIV8V+kbNyC6UiFCACVHu8dVUCDxH5+8qZXmJr8iROruI/7hv6W7c3sVlVT+6+BpVhGZRmA=="],

    "lefthook-darwin-arm64": ["lefthook-darwin-arm64@2.1.15", "", { "os": "darwin", "cpu": "arm64" }, "sha512-6sNtlNsoeahxZySHbMMijFS8qB5nxZjMohO5t9x4UoM03sKAwXL++vR196mKOF942YdvkuDrwd+qyxfAU6QmWg=="],

    "lefthook-darwin-x64": ["lefthook-darwin-x64@2.1.15", "", { "os": "darwin", "cpu": "x64" }, "sha512-B2upzVBV/9adKe0fGUO4JCrgx/iKx3qC6PQ2N3Qrok9yL5wDx+AZ6L5GNNgAKUbUWP6XZywyZZ/DFTPLOGxA/Q=="],

    "lefthook-freebsd-arm64": ["lefthook-freebsd-arm64@2.1.15", "", { "os": "freebsd", "cpu": "arm64" }, "sha512-7PbO32jhKKHqRdD6DIucmQrZ5nHlXwhxHdqy6CxTH2wNNPlvjXPrMqb6W0SpHuOLS0dWdz77ZVJsOvwfH139AA=="],

    "lefthook-freebsd-x64": ["lefthook-freebsd-x64@2.1.15", "", { "os": "freebsd", "cpu": "x64" }, "sha512-0XEgTQomWVV/uw4v5A/OMSfRk/9MRu3OBgTX1xF2QvUrb+fCEglkrJW299vSqndKn53MkUtyoIntz0ajw4PJlA=="],

    "lefthook-linux-arm64": ["lefthook-linux-arm64@2.1.15", "", { "os": "linux", "cpu": "arm64" }, "sha512-HfgGoLtzqop68Zo9FDdP7rozFc+hv3xf2s4fWsyH50SbQLNgoKz/9vsneZG7n8bQ5YYGR/up0H9D8WQ7pou01g=="],

    "lefthook-linux-x64": ["lefthook-linux-x64@2.1.15", "", { "os": "linux", "cpu": "x64" }, "sha512-oyhZn6koNmXvSlSQXeTL1Zmxmlp1ysInjZCETwfAhjGb5r42HX2coaPzO0e6dvoP6bqEO8cyWoqqj+FYVz9nig=="],

    "lefthook-openbsd-arm64": ["lefthook-openbsd-arm64@2.1.15", "", { "os": "openbsd", "cpu": "arm64" }, "sha512-/hF3ap8CUqD2whU127pesD0x0CLOymDmtR5NR5jbNrT/BryjxlL6YL7HL3KB1Xz3MZwBqYeLIceqFE9/Gc53xQ=="],

    "lefthook-openbsd-x64": ["lefthook-openbsd-x64@2.1.15", "", { "os": "openbsd", "cpu": "x64" }, "sha512-IljStK5gOS8oQPxCsHNDoHeD8vSCDHFuHWtJfRbYWVtNMEA9/2shtIKHswFWQBAxltgt4/i/lN86rErKdDoIug=="],

    "lefthook-windows-arm64": ["lefthook-windows-arm64@2.1.15", "", { "os": "win32", "cpu": "arm64" }, "sha512-S1HIhsM0RZua8fQlHzXFrF0CpA/eo2/UYVUAqU+pJ/3IBAq0ZpWG4ZzfrQiSSBbcG9LB4tJgqiJVtumQKO+ZgA=="],

    "lefthook-windows-x64": ["lefthook-windows-x64@2.1.15", "", { "os": "win32", "cpu": "x64" }, "sha512-cp4ZhMYpX9khKw+fu0JEskq0Aeo1csREkb4WTMmJaEL7KTt+Lpp5zzSPPa8NGtpcQSKUo+ZXYrtqzpxYpPdt0g=="],

    "nan": ["nan@2.28.0", "", {}, "sha512-fTsDz99OTq2sVePhGdp4qQhggZFtKr64ZNVyVajRKtMOkJxYekplBh577PiJB12v/D3s2E5cGtOI45LWp6rnLQ=="],

    "p-queue": ["p-queue@9.3.3", "", { "dependencies": { "eventemitter3": "^5.0.4", "p-timeout": "^7.0.0" } }, "sha512-NXAOdnEe5FsZJfT4oK84lE1Y5cFFdWlRuOo5tww8DyNMxyRXwn39fIkUtNLKppcPC+UYU/bXujNCUGDv01y7CA=="],

    "p-timeout": ["p-timeout@7.0.2", "", {}, "sha512-prbX4Z3YszrFNgH+MW5Zoeq3baXrMtP/MQnFeET90UB/GtGcGDQ5Usg9OCy6ETjTTntOw1SL2z9fMPUppN3Guw=="],

    "safer-buffer": ["safer-buffer@2.1.2", "", {}, "sha512-YZo3K82SD7Riyi0E1EQPojLz7kpepnSQI9IyPbHHg1XXXevb5dJI7tpyN2ADxGcQbHG7vcyRHk0cbwqcQriUtg=="],

    "ssh2": ["ssh2@1.17.0", "", { "dependencies": { "asn1": "^0.2.6", "bcrypt-pbkdf": "^1.0.2" }, "optionalDependencies": { "cpu-features": "~0.0.10", "nan": "^2.23.0" } }, "sha512-wPldCk3asibAjQ/kziWQQt1Wh3PgDFpC0XpwclzKcdT1vql6KeYxf5LIt4nlFkUeR8WuphYMKqUA56X4rjbfgQ=="],

    "ts3-nodejs-library": ["ts3-nodejs-library@3.5.3", "", { "dependencies": { "buffer-crc32": "^0.2.13", "ssh2": "^1.14.0" } }, "sha512-PHoWdqWnKixA5r6Q7GXHtEOs+sZOQzaK5W/pZPL/PekRh/6fxmy+BSYWecEglEERLzxAMrQSb61iQ+waBlHmwQ=="],

    "tweetnacl": ["tweetnacl@0.14.5", "", {}, "sha512-KXXFFdAbFXY4geFIwoyNK+f5Z1b7swfXABfL7HXCmoIWMKU3dmS26672A4EeQtDzLKy7SXmfBu51JolvEKwtGA=="],

    "typescript": ["typescript@5.9.3", "", { "bin": { "tsc": "bin/tsc", "tsserver": "bin/tsserver" } }, "sha512-jl1vZzPDinLr9eUt3J/t7V6FgNEw9QjvBPdysz9KfQDD41fQrC2Y4vKQdiaUpFT4bXlb1RHhLpp8wtm6M5TgSw=="],

    "undici-types": ["undici-types@8.9.0", "", {}, "sha512-KTDyRTYX8sWmKXAikPHHSyc63CRPETMctyjKFupcC6OBLXT3xsN0e9aF7m+mIXutFWpUXuedtowG7iLOzp0kQg=="],

    "zod": ["zod@4.6.5", "", {}, "sha512-v5l/aFXZQeai4awLbOpSoHecE9UiMrnfx75tEXLjNonXVARxQ5mOeipTjROUchszUNCqnE+hqAMujRsRHsut2Q=="],
  }
}
