{
  "lockfileVersion": 1,
  "configVersion": 0,
  "workspaces": {
    "": {
      "name": "BunHonoServer",
      "dependencies": {
        "hono": "4.10.7",
        "p-queue": "9.0.1",
        "ts3-nodejs-library": "3.5.1",
        "zod": "4.1.13",
      },
      "devDependencies": {
        "@biomejs/biome": "2.3.8",
        "@types/bun": "latest",
        "lefthook": "2.0.5",
        "typescript": "5.9.3",
      },
    },
  },
  "trustedDependencies": [
    "@biomejs/biome",
  ],
  "packages": {
    "@biomejs/biome": ["@biomejs/biome@2.3.8", "", { "optionalDependencies": { "@biomejs/cli-darwin-arm64": "2.3.8", "@biomejs/cli-darwin-x64": "2.3.8", "@biomejs/cli-linux-arm64": "2.3.8", "@biomejs/cli-linux-arm64-musl": "2.3.8", "@biomejs/cli-linux-x64": "2.3.8", "@biomejs/cli-linux-x64-musl": "2.3.8", "@biomejs/cli-win32-arm64": "2.3.8", "@biomejs/cli-win32-x64": "2.3.8" }, "bin": { "biome": "bin/biome" } }, "sha512-Qjsgoe6FEBxWAUzwFGFrB+1+M8y/y5kwmg5CHac+GSVOdmOIqsAiXM5QMVGZJ1eCUCLlPZtq4aFAQ0eawEUuUA=="],

    "@biomejs/cli-darwin-arm64": ["@biomejs/cli-darwin-arm64@2.3.8", "", { "os": "darwin", "cpu": "arm64" }, "sha512-HM4Zg9CGQ3txTPflxD19n8MFPrmUAjaC7PQdLkugeeC0cQ+PiVrd7i09gaBS/11QKsTDBJhVg85CEIK9f50Qww=="],

    "@biomejs/cli-darwin-x64": ["@biomejs/cli-darwin-x64@2.3.8", "", { "os": "darwin", "cpu": "x64" }, "sha512-lUDQ03D7y/qEao7RgdjWVGCu+BLYadhKTm40HkpJIi6kn8LSv5PAwRlew/DmwP4YZ9ke9XXoTIQDO1vAnbRZlA=="],

    "@biomejs/cli-linux-arm64": ["@biomejs/cli-linux-arm64@2.3.8", "", { "os": "linux", "cpu": "arm64" }, "sha512-Uo1OJnIkJgSgF+USx970fsM/drtPcQ39I+JO+Fjsaa9ZdCN1oysQmy6oAGbyESlouz+rzEckLTF6DS7cWse95g=="],

    "@biomejs/cli-linux-arm64-musl": ["@biomejs/cli-linux-arm64-musl@2.3.8", "", { "os": "linux", "cpu": "arm64" }, "sha512-PShR4mM0sjksUMyxbyPNMxoKFPVF48fU8Qe8Sfx6w6F42verbwRLbz+QiKNiDPRJwUoMG1nPM50OBL3aOnTevA=="],

    "@biomejs/cli-linux-x64": ["@biomejs/cli-linux-x64@2.3.8", "", { "os": "linux", "cpu": "x64" }, "sha512-QDPMD5bQz6qOVb3kiBui0zKZXASLo0NIQ9JVJio5RveBEFgDgsvJFUvZIbMbUZT3T00M/1wdzwWXk4GIh0KaAw=="],

    "@biomejs/cli-linux-x64-musl": ["@biomejs/cli-linux-x64-musl@2.3.8", "", { "os": "linux", "cpu": "x64" }, "sha512-YGLkqU91r1276uwSjiUD/xaVikdxgV1QpsicT0bIA1TaieM6E5ibMZeSyjQ/izBn4tKQthUSsVZacmoJfa3pDA=="],

    "@biomejs/cli-win32-arm64": ["@biomejs/cli-win32-arm64@2.3.8", "", { "os": "win32", "cpu": "arm64" }, "sha512-H4IoCHvL1fXKDrTALeTKMiE7GGWFAraDwBYFquE/L/5r1927Te0mYIGseXi4F+lrrwhSWbSGt5qPFswNoBaCxg=="],

    "@biomejs/cli-win32-x64": ["@biomejs/cli-win32-x64@2.3.8", "", { "os": "win32", "cpu": "x64" }, "sha512-RguzimPoZWtBapfKhKjcWXBVI91tiSprqdBYu7tWhgN8pKRZhw24rFeNZTNf6UiBfjCYCi9eFQs/JzJZIhuK4w=="],

    "@types/bun": ["@types/bun@1.1.10", "", { "dependencies": { "bun-types": "1.1.29" } }, "sha512-76KYVSwrHwr9zsnk6oLXOGs9KvyBg3U066GLO4rk6JZk1ypEPGCUDZ5yOiESyIHWs9cx9iC8r01utYN32XdmgA=="],

    "@types/node": ["@types/node@20.12.14", "", { "dependencies": { "undici-types": "~5.26.4" } }, "sha512-scnD59RpYD91xngrQQLGkE+6UrHUPzeKZWhhjBSa3HSkwjbQc38+q3RoIVEwxQGRw3M+j5hpNAM+lgV3cVormg=="],

    "@types/ws": ["@types/ws@8.5.12", "", { "dependencies": { "@types/node": "*" } }, "sha512-3tPRkv1EtkDpzlgyKyI8pGsGZAGPEaXeu0DOj5DI25Ja91bdAYddYHbADRYVrZMRbfW+1l5YwXVDKohDJNQxkQ=="],

    "asn1": ["asn1@0.2.6", "", { "dependencies": { "safer-buffer": "~2.1.0" } }, "sha512-ix/FxPn0MDjeyJ7i/yoHGFt/EX6LyNbxSEhPPXODPL+KB0VPk86UYfL0lMdy+KCnv+fmvIzySwaK5COwqVbWTQ=="],

    "bcrypt-pbkdf": ["bcrypt-pbkdf@1.0.2", "", { "dependencies": { "tweetnacl": "^0.14.3" } }, "sha512-qeFIXtP4MSoi6NLqO12WfqARWWuCKi2Rn/9hJLEmtB5yTNr9DqFWkJRCf2qShWzPeAMRnOgCrq0sg/KLv5ES9w=="],

    "buffer-crc32": ["buffer-crc32@0.2.13", "", {}, "sha512-VO9Ht/+p3SN7SKWqcrgEzjGbRSJYTx+Q1pTQC0wrWqHx0vpJraQ6GtHx8tvcg1rlK1byhU5gccxgOgj7B0TDkQ=="],

    "buildcheck": ["buildcheck@0.0.6", "", {}, "sha512-8f9ZJCUXyT1M35Jx7MkBgmBMo3oHTTBIPLiY9xyL0pl3T5RwcPEY8cUHr5LBNfu/fk6c2T4DJZuVM/8ZZT2D2A=="],

    "bun-types": ["bun-types@1.1.29", "", { "dependencies": { "@types/node": "~20.12.8", "@types/ws": "~8.5.10" } }, "sha512-En3/TzSPMPyl5UlUB1MHzHpcrZDakTm7mS203eLoX1fBoEa3PW+aSS8GAqVJ7Is/m34Z5ogL+ECniLY0uDaCPw=="],

    "cpu-features": ["cpu-features@0.0.10", "", { "dependencies": { "buildcheck": "~0.0.6", "nan": "^2.19.0" } }, "sha512-9IkYqtX3YHPCzoVg1Py+o9057a3i0fp7S530UWokCSaFVTc7CwXPRiOjRjBQQ18ZCNafx78YfnG+HALxtVmOGA=="],

    "eventemitter3": ["eventemitter3@5.0.1", "", {}, "sha512-GWkBvjiSZK87ELrYOSESUYeVIc9mvLLf/nXalMOS5dYrgZq9o5OVkbZAVM06CVxYsCwH9BDZFPlQTlPA1j4ahA=="],

    "hono": ["hono@4.10.7", "", {}, "sha512-icXIITfw/07Q88nLSkB9aiUrd8rYzSweK681Kjo/TSggaGbOX4RRyxxm71v+3PC8C/j+4rlxGeoTRxQDkaJkUw=="],

    "lefthook": ["lefthook@2.0.5", "", { "optionalDependencies": { "lefthook-darwin-arm64": "2.0.5", "lefthook-darwin-x64": "2.0.5", "lefthook-freebsd-arm64": "2.0.5", "lefthook-freebsd-x64": "2.0.5", "lefthook-linux-arm64": "2.0.5", "lefthook-linux-x64": "2.0.5", "lefthook-openbsd-arm64": "2.0.5", "lefthook-openbsd-x64": "2.0.5", "lefthook-windows-arm64": "2.0.5", "lefthook-windows-x64": "2.0.5" }, "bin": { "lefthook": "bin/index.js" } }, "sha512-8QBtpQZ69LsxE0bEIt+abldoiGVnsLZE54Mwx+qs4l9AufUxGMD/xIGhoyIZ2DABVAVTiwdalXxVNV1rAM6YSg=="],

    "lefthook-darwin-arm64": ["lefthook-darwin-arm64@2.0.5", "", { "os": "darwin", "cpu": "arm64" }, "sha512-O+MkaW8qE1YnPYSFmZqpyergEVCgQCufQA23SAuFAeoGlPl79/yP0H0i1KgiFlfEOI4uFipB9EC3NT9f0iv1yA=="],

    "lefthook-darwin-x64": ["lefthook-darwin-x64@2.0.5", "", { "os": "darwin", "cpu": "x64" }, "sha512-GNCdgq3NXkeaUkngBeQ6PAnbKlkRIZorZroCT3m4M14HUU+7GGvZTKqs/JW5DZkQ9uRMLd4i05NcAhYPeuFqWw=="],

    "lefthook-freebsd-arm64": ["lefthook-freebsd-arm64@2.0.5", "", { "os": "freebsd", "cpu": "arm64" }, "sha512-Efxj7bICuCRmydy9ywCd07vdycEwI2zM/Z7uUzLbHzJijqHftSc3rAVMCuHRJB/WWDbzvgSyjwI0lEYaJvLaAA=="],

    "lefthook-freebsd-x64": ["lefthook-freebsd-x64@2.0.5", "", { "os": "freebsd", "cpu": "x64" }, "sha512-s5xwafMZTUiRM0bdn4T52eheYgYvA1Ac6PWP/c/u7XwjnxJvRohhi6oVNdPwbOnGanpWFh4OPC04h74vVcpCJg=="],

    "lefthook-linux-arm64": ["lefthook-linux-arm64@2.0.5", "", { "os": "linux", "cpu": "arm64" }, "sha512-WGnydeP5oeXdECvbqTi0UmgmN/HpwNwtty/j/7OWZNYv79yOLFLHyw9i3+uu7WFSWJA53hxaB6OzS4OTXfR23A=="],

    "lefthook-linux-x64": ["lefthook-linux-x64@2.0.5", "", { "os": "linux", "cpu": "x64" }, "sha512-4HIB/1NjtM0d6/SvlbDPWZdxgm9ZkeiqlD7Gfg5i0xzNUv34HquZzpQAfr+fwsU67op4mb1Vc0V6bEBDtJsbxQ=="],

    "lefthook-openbsd-arm64": ["lefthook-openbsd-arm64@2.0.5", "", { "os": "openbsd", "cpu": "arm64" }, "sha512-KF7lNXC0LV6SUJM8nlPvkSskt6py+6JfCH3L9lDXp8svswhZOk6FTTgkpjBAfi9trjGHaYbHb0BEqxTIxVcH8Q=="],

    "lefthook-openbsd-x64": ["lefthook-openbsd-x64@2.0.5", "", { "os": "openbsd", "cpu": "x64" }, "sha512-NgxXPvM7I1bb2XMIzZsShxxy5h3u+v7g2i7hVjD3CC9vuVywLzjVB0QULex3wEP9Vz01fbtjUlYM+Yv5D20aHA=="],

    "lefthook-windows-arm64": ["lefthook-windows-arm64@2.0.5", "", { "os": "win32", "cpu": "arm64" }, "sha512-rcGTEjGGS1nDpXl7Hnk5mRvlbNCAZlmry1i3//AcWaiPmN2IqipFZyHA0/hYitQCAVkKLIvhMB+cJ9iUqsHTTA=="],

    "lefthook-windows-x64": ["lefthook-windows-x64@2.0.5", "", { "os": "win32", "cpu": "x64" }, "sha512-HKBE2RQa6DJBCkdsNHvwX9InIetpwgpc+KloDckAUFTF5Ehz5YGd4ufZ8b2E1wopeqlmOINTkM4MctdryBHDuA=="],

    "nan": ["nan@2.20.0", "", {}, "sha512-bk3gXBZDGILuuo/6sKtr0DQmSThYHLtNCdSdXk9YkxD/jK6X2vmCyyXBBxyqZ4XcnzTyYEAThfX3DCEnLf6igw=="],

    "p-queue": ["p-queue@9.0.1", "", { "dependencies": { "eventemitter3": "^5.0.1", "p-timeout": "^7.0.0" } }, "sha512-RhBdVhSwJb7Ocn3e8ULk4NMwBEuOxe+1zcgphUy9c2e5aR/xbEsdVXxHJ3lynw6Qiqu7OINEyHlZkiblEpaq7w=="],

    "p-timeout": ["p-timeout@7.0.1", "", {}, "sha512-AxTM2wDGORHGEkPCt8yqxOTMgpfbEHqF51f/5fJCmwFC3C/zNcGT63SymH2ttOAaiIws2zVg4+izQCjrakcwHg=="],

    "safer-buffer": ["safer-buffer@2.1.2", "", {}, "sha512-YZo3K82SD7Riyi0E1EQPojLz7kpepnSQI9IyPbHHg1XXXevb5dJI7tpyN2ADxGcQbHG7vcyRHk0cbwqcQriUtg=="],

    "ssh2": ["ssh2@1.16.0", "", { "dependencies": { "asn1": "^0.2.6", "bcrypt-pbkdf": "^1.0.2" }, "optionalDependencies": { "cpu-features": "~0.0.10", "nan": "^2.20.0" } }, "sha512-r1X4KsBGedJqo7h8F5c4Ybpcr5RjyP+aWIG007uBPRjmdQWfEiVLzSK71Zji1B9sKxwaCvD8y8cwSkYrlLiRRg=="],

    "ts3-nodejs-library": ["ts3-nodejs-library@3.5.1", "", { "dependencies": { "buffer-crc32": "^0.2.13", "ssh2": "^1.14.0" } }, "sha512-hdGAj2lhMyAeLVc1j7sOLA8/pjwib32jtA8ncokNDLg6EGTe/AqcsCT3D/34e8xIuidD4XMMXA8yWf64lQN4Dg=="],

    "tweetnacl": ["tweetnacl@0.14.5", "", {}, "sha512-KXXFFdAbFXY4geFIwoyNK+f5Z1b7swfXABfL7HXCmoIWMKU3dmS26672A4EeQtDzLKy7SXmfBu51JolvEKwtGA=="],

    "typescript": ["typescript@5.9.3", "", { "bin": { "tsc": "bin/tsc", "tsserver": "bin/tsserver" } }, "sha512-jl1vZzPDinLr9eUt3J/t7V6FgNEw9QjvBPdysz9KfQDD41fQrC2Y4vKQdiaUpFT4bXlb1RHhLpp8wtm6M5TgSw=="],

    "undici-types": ["undici-types@5.26.5", "", {}, "sha512-JlCMO+ehdEIKqlFxk6IfVoAUVmgz7cU7zD/h9XZ0qzeosSHmUJVOzSQvvYSYWXkFXC+IfLKSIffhv0sVZup6pA=="],

    "zod": ["zod@4.1.13", "", {}, "sha512-AvvthqfqrAhNH9dnfmrfKzX5upOdjUVJYFqNSlkmGf64gRaTzlPwz99IHYnVs28qYAybvAlBV+H7pn0saFY4Ig=="],
  }
}
